{
  "nodes": {
    "darwin": {
      "inputs": {
        "nixpkgs": [
          "nixpkgs"
        ]
      },
      "locked": {
        "lastModified": 1706405065,
        "narHash": "sha256-femlVBNWgr9a6HfBUzhBF/9S8VBlaHDKcEm8B89O+zc=",
        "owner": "LnL7",
        "repo": "nix-darwin",
        "rev": "0108864c15bb68ad57d17fb2e7d3a3e025751d79",
        "type": "github"
      },
      "original": {
        "owner": "LnL7",
        "ref": "master",
        "repo": "nix-darwin",
        "type": "github"
      }
    },
    "home-manager": {
      "inputs": {
        "nixpkgs": "nixpkgs"
      },
      "locked": {
        "lastModified": 1706435589,
        "narHash": "sha256-yhEYJxMv5BkfmUuNe4QELKo+V5eq1pwhtVs6kEziHfE=",
        "owner": "nix-community",
        "repo": "home-manager",
        "rev": "4d54c29bce71f8c261513e0662cc573d30f3e33e",
        "type": "github"
      },
      "original": {
        "owner": "nix-community",
        "repo": "home-manager",
        "type": "github"
      }
    },
    "nixos-hardware": {
      "locked": {
        "lastModified": 1706182238,
        "narHash": "sha256-Ti7CerGydU7xyrP/ow85lHsOpf+XMx98kQnPoQCSi1g=",
        "owner": "NixOS",
        "repo": "nixos-hardware",
        "rev": "f84eaffc35d1a655e84749228cde19922fcf55f1",
        "type": "github"
      },
      "original": {
        "owner": "NixOS",
        "ref": "master",
        "repo": "nixos-hardware",
        "type": "github"
      }
    },
    "nixpkgs": {
      "locked": {
        "lastModified": 1706191920,
        "narHash": "sha256-eLihrZAPZX0R6RyM5fYAWeKVNuQPYjAkCUBr+JNvtdE=",
        "owner": "NixOS",
        "repo": "nixpkgs",
        "rev": "ae5c332cbb5827f6b1f02572496b141021de335f",
        "type": "github"
      },
      "original": {
        "owner": "NixOS",
        "ref": "nixos-unstable",
        "repo": "nixpkgs",
        "type": "github"
      }
    },
    "nixpkgs_2": {
      "locked": {
        "lastModified": 1706173671,
        "narHash": "sha256-lciR7kQUK2FCAYuszyd7zyRRmTaXVeoZsCyK6QFpGdk=",
        "owner": "nixos",
        "repo": "nixpkgs",
        "rev": "4fddc9be4eaf195d631333908f2a454b03628ee5",
        "type": "github"
      },
      "original": {
        "owner": "nixos",
        "ref": "nixpkgs-unstable",
        "repo": "nixpkgs",
        "type": "github"
      }
    },
    "nur": {
      "locked": {
        "lastModified": 1706452914,
        "narHash": "sha256-d+uBNhbnsEorlZXYLyNgGZ79PpgfyBqSajTSbQPdKGM=",
        "owner": "nix-community",
        "repo": "NUR",
        "rev": "f271bc81436c96bf40da5100d8c6aa754e5cc403",
        "type": "github"
      },
      "original": {
        "owner": "nix-community",
        "repo": "NUR",
        "type": "github"
      }
    },
    "root": {
      "inputs": {
        "darwin": "darwin",
        "home-manager": "home-manager",
        "nixos-hardware": "nixos-hardware",
        "nixpkgs": "nixpkgs_2",
        "nur": "nur"
      }
    }
  },
  "root": "root",
  "version": 7
}
