{
  "nodes": {
    "darwin": {
      "inputs": {
        "nixpkgs": "nixpkgs"
      },
      "locked": {
        "lastModified": 1711763326,
        "narHash": "sha256-sXcesZWKXFlEQ8oyGHnfk4xc9f2Ip0X/+YZOq3sKviI=",
        "owner": "LnL7",
        "repo": "nix-darwin",
        "rev": "36524adc31566655f2f4d55ad6b875fb5c1a4083",
        "type": "github"
      },
      "original": {
        "owner": "LnL7",
        "ref": "master",
        "repo": "nix-darwin",
        "type": "github"
      }
    },
    "darwinpkgs": {
      "locked": {
        "lastModified": 1712069209,
        "narHash": "sha256-GLIuAjkJgdMe3shzk23V3pYnwrHfu61eJ+bUeZdT0d4=",
        "owner": "nixos",
        "repo": "nixpkgs",
        "rev": "cf8af60ce6b44bb88e4d0608f11b82db4769a2b6",
        "type": "github"
      },
      "original": {
        "owner": "nixos",
        "ref": "nixpkgs-23.11-darwin",
        "repo": "nixpkgs",
        "type": "github"
      }
    },
    "emacs-overlay": {
      "inputs": {
        "flake-utils": "flake-utils",
        "nixpkgs": [
          "nixpkgs"
        ],
        "nixpkgs-stable": "nixpkgs-stable"
      },
      "locked": {
        "lastModified": 1712163912,
        "narHash": "sha256-8GoqX+rXuzNII4OPdCvkLihNCGerN2EIP/rc37wymas=",
        "owner": "nix-community",
        "repo": "emacs-overlay",
        "rev": "caa3f53e460e97f0499f1006de35cf3f898a66d9",
        "type": "github"
      },
      "original": {
        "owner": "nix-community",
        "repo": "emacs-overlay",
        "type": "github"
      }
    },
    "flake-utils": {
      "inputs": {
        "systems": "systems"
      },
      "locked": {
        "lastModified": 1710146030,
        "narHash": "sha256-SZ5L6eA7HJ/nmkzGG7/ISclqe6oZdOZTNoesiInkXPQ=",
        "owner": "numtide",
        "repo": "flake-utils",
        "rev": "b1d9ab70662946ef0850d488da1c9019f3a9752a",
        "type": "github"
      },
      "original": {
        "owner": "numtide",
        "repo": "flake-utils",
        "type": "github"
      }
    },
    "home-manager": {
      "inputs": {
        "nixpkgs": "nixpkgs_2"
      },
      "locked": {
        "lastModified": 1710888565,
        "narHash": "sha256-s9Hi4RHhc6yut4EcYD50sZWRDKsugBJHSbON8KFwoTw=",
        "owner": "nix-community",
        "repo": "home-manager",
        "rev": "f33900124c23c4eca5831b9b5eb32ea5894375ce",
        "type": "github"
      },
      "original": {
        "owner": "nix-community",
        "ref": "release-23.11",
        "repo": "home-manager",
        "type": "github"
      }
    },
    "nixos-hardware": {
      "locked": {
        "lastModified": 1711352745,
        "narHash": "sha256-luvqik+i3HTvCbXQZgB6uggvEcxI9uae0nmrgtXJ17U=",
        "owner": "NixOS",
        "repo": "nixos-hardware",
        "rev": "9a763a7acc4cfbb8603bb0231fec3eda864f81c0",
        "type": "github"
      },
      "original": {
        "owner": "NixOS",
        "ref": "master",
        "repo": "nixos-hardware",
        "type": "github"
      }
    },
    "nixpkgs": {
      "locked": {
        "lastModified": 1712192574,
        "narHash": "sha256-LbbVOliJKTF4Zl2b9salumvdMXuQBr2kuKP5+ZwbYq4=",
        "owner": "NixOS",
        "repo": "nixpkgs",
        "rev": "f480f9d09e4b4cf87ee6151eba068197125714de",
        "type": "github"
      },
      "original": {
        "id": "nixpkgs",
        "type": "indirect"
      }
    },
    "nixpkgs-stable": {
      "locked": {
        "lastModified": 1711668574,
        "narHash": "sha256-u1dfs0ASQIEr1icTVrsKwg2xToIpn7ZXxW3RHfHxshg=",
        "owner": "NixOS",
        "repo": "nixpkgs",
        "rev": "219951b495fc2eac67b1456824cc1ec1fd2ee659",
        "type": "github"
      },
      "original": {
        "owner": "NixOS",
        "ref": "nixos-23.11",
        "repo": "nixpkgs",
        "type": "github"
      }
    },
    "nixpkgs_2": {
      "locked": {
        "lastModified": 1712168706,
        "narHash": "sha256-XP24tOobf6GGElMd0ux90FEBalUtw6NkBSVh/RlA6ik=",
        "owner": "NixOS",
        "repo": "nixpkgs",
        "rev": "1487bdea619e4a7a53a4590c475deabb5a9d1bfb",
        "type": "github"
      },
      "original": {
        "owner": "NixOS",
        "ref": "nixos-23.11",
        "repo": "nixpkgs",
        "type": "github"
      }
    },
    "nixpkgs_3": {
      "locked": {
        "lastModified": 1711668574,
        "narHash": "sha256-u1dfs0ASQIEr1icTVrsKwg2xToIpn7ZXxW3RHfHxshg=",
        "owner": "nixos",
        "repo": "nixpkgs",
        "rev": "219951b495fc2eac67b1456824cc1ec1fd2ee659",
        "type": "github"
      },
      "original": {
        "owner": "nixos",
        "ref": "nixos-23.11",
        "repo": "nixpkgs",
        "type": "github"
      }
    },
    "nur": {
      "locked": {
        "lastModified": 1712166152,
        "narHash": "sha256-jo9o03xBb4dCK8luVZh20UO/95qDLidj2oUWLfxDuH8=",
        "owner": "nix-community",
        "repo": "NUR",
        "rev": "25091d2c63de0bbb1826f70b6e967fb356fbdac0",
        "type": "github"
      },
      "original": {
        "owner": "nix-community",
        "repo": "NUR",
        "type": "github"
      }
    },
    "root": {
      "inputs": {
        "darwin": "darwin",
        "darwinpkgs": "darwinpkgs",
        "emacs-overlay": "emacs-overlay",
        "home-manager": "home-manager",
        "nixos-hardware": "nixos-hardware",
        "nixpkgs": "nixpkgs_3",
        "nur": "nur",
        "unstable": "unstable"
      }
    },
    "systems": {
      "locked": {
        "lastModified": 1681028828,
        "narHash": "sha256-Vy1rq5AaRuLzOxct8nz4T6wlgyUR7zLU309k9mBC768=",
        "owner": "nix-systems",
        "repo": "default",
        "rev": "da67096a3b9bf56a91d16901293e51ba5b49a27e",
        "type": "github"
      },
      "original": {
        "owner": "nix-systems",
        "repo": "default",
        "type": "github"
      }
    },
    "unstable": {
      "locked": {
        "lastModified": 1712163089,
        "narHash": "sha256-Um+8kTIrC19vD4/lUCN9/cU9kcOsD1O1m+axJqQPyMM=",
        "owner": "nixos",
        "repo": "nixpkgs",
        "rev": "fd281bd6b7d3e32ddfa399853946f782553163b5",
        "type": "github"
      },
      "original": {
        "owner": "nixos",
        "ref": "nixos-unstable",
        "repo": "nixpkgs",
        "type": "github"
      }
    }
  },
  "root": "root",
  "version": 7
}
